
Microsoft Visual Studio Solution File, Format Version 12.00
# Visual Studio Version 16
VisualStudioVersion = 16.0.31320.298
MinimumVisualStudioVersion = 10.0.40219.1
Project("{9A19103F-16F7-4668-BE54-9A1E7A4F7556}") = "MidwayCampaign", "MidwayCampaign\MidwayCampaign.csproj", "{43C4E34E-77F2-44DE-942F-5C460C189B6B}"
EndProject
Project("{9A19103F-16F7-4668-BE54-9A1E7A4F7556}") = "Midway", "Midway\Midway.csproj", "{CAF49B40-EDDD-46BF-8316-B023253501CF}"
EndProject
Global
	GlobalSection(SolutionConfigurationPlatforms) = preSolution
		Debug|Any CPU = Debug|Any CPU
		Debug|x64 = Debug|x64
		Release|Any CPU = Release|Any CPU
		Release|x64 = Release|x64
	EndGlobalSection
	GlobalSection(ProjectConfigurationPlatforms) = postSolution
		{43C4E34E-77F2-44DE-942F-5C460C189B6B}.Debug|Any CPU.ActiveCfg = Debug|Any CPU
		{43C4E34E-77F2-44DE-942F-5C460C189B6B}.Debug|Any CPU.Build.0 = Debug|Any CPU
		{43C4E34E-77F2-44DE-942F-5C460C189B6B}.Debug|x64.ActiveCfg = Debug|x64
		{43C4E34E-77F2-44DE-942F-5C460C189B6B}.Debug|x64.Build.0 = Debug|x64
		{43C4E34E-77F2-44DE-942F-5C460C189B6B}.Release|Any CPU.ActiveCfg = Release|Any CPU
		{43C4E34E-77F2-44DE-942F-5C460C189B6B}.Release|Any CPU.Build.0 = Release|Any CPU
		{43C4E34E-77F2-44DE-942F-5C460C189B6B}.Release|x64.ActiveCfg = Release|x64
		{43C4E34E-77F2-44DE-942F-5C460C189B6B}.Release|x64.Build.0 = Release|x64
		{CAF49B40-EDDD-46BF-8316-B023253501CF}.Debug|Any CPU.ActiveCfg = Debug|Any CPU
		{CAF49B40-EDDD-46BF-8316-B023253501CF}.Debug|Any CPU.Build.0 = Debug|Any CPU
		{CAF49B40-EDDD-46BF-8316-B023253501CF}.Debug|x64.ActiveCfg = Debug|x64
		{CAF49B40-EDDD-46BF-8316-B023253501CF}.Debug|x64.Build.0 = Debug|x64
		{CAF49B40-EDDD-46BF-8316-B023253501CF}.Release|Any CPU.ActiveCfg = Release|Any CPU
		{CAF49B40-EDDD-46BF-8316-B023253501CF}.Release|Any CPU.Build.0 = Release|Any CPU
		{CAF49B40-EDDD-46BF-8316-B023253501CF}.Release|x64.ActiveCfg = Release|x64
		{CAF49B40-EDDD-46BF-8316-B023253501CF}.Release|x64.Build.0 = Release|x64
	EndGlobalSection
	GlobalSection(SolutionProperties) = preSolution
		HideSolutionNode = FALSE
	EndGlobalSection
	GlobalSection(ExtensibilityGlobals) = postSolution
		SolutionGuid = {9DD984AB-75D0-416B-8BA3-04C20800E077}
	EndGlobalSection
EndGlobal
